
Microsoft Visual Studio Solution File, Format Version 12.00
# Visual Studio 15
VisualStudioVersion = 15.0.26430.14
MinimumVisualStudioVersion = 10.0.40219.1
Project("{2150E333-8FDC-42A3-9474-1A3956D46DE8}") = "Tests", "Tests", "{186386FA-3389-419B-82A5-E67F81A0741C}"
EndProject
Project("{FAE04EC0-301F-11D3-BF4B-00C04F79EFBC}") = "Cars.Tests", "tests\Cars.Tests\Cars.Tests.csproj", "{89AAD420-60BE-4928-85EC-33A1CD567EA7}"
EndProject
Project("{2150E333-8FDC-42A3-9474-1A3956D46DE8}") = "Solution Items", "Solution Items", "{297D4412-B50E-484D-BC66-534B10F4A477}"
	ProjectSection(SolutionItems) = preProject
		build.bat = build.bat
		CommonAssemblyInfo.cs = CommonAssemblyInfo.cs
		e2e.dictionary = e2e.dictionary
		e2e.msbuild = e2e.msbuild
		e2e.ruleset = e2e.ruleset
		..\README.md = ..\README.md
	EndProjectSection
EndProject
Project("{FAE04EC0-301F-11D3-BF4B-00C04F79EFBC}") = "Cars", "Cars\Cars.csproj", "{D5112AD8-712E-4B11-99C7-3392054209F5}"
EndProject
Global
	GlobalSection(SolutionConfigurationPlatforms) = preSolution
		Debug|Any CPU = Debug|Any CPU
		Release|Any CPU = Release|Any CPU
	EndGlobalSection
	GlobalSection(ProjectConfigurationPlatforms) = postSolution
		{89AAD420-60BE-4928-85EC-33A1CD567EA7}.Debug|Any CPU.ActiveCfg = Debug|Any CPU
		{89AAD420-60BE-4928-85EC-33A1CD567EA7}.Debug|Any CPU.Build.0 = Debug|Any CPU
		{89AAD420-60BE-4928-85EC-33A1CD567EA7}.Release|Any CPU.ActiveCfg = Release|Any CPU
		{89AAD420-60BE-4928-85EC-33A1CD567EA7}.Release|Any CPU.Build.0 = Release|Any CPU
		{D5112AD8-712E-4B11-99C7-3392054209F5}.Debug|Any CPU.ActiveCfg = Debug|Any CPU
		{D5112AD8-712E-4B11-99C7-3392054209F5}.Debug|Any CPU.Build.0 = Debug|Any CPU
		{D5112AD8-712E-4B11-99C7-3392054209F5}.Release|Any CPU.ActiveCfg = Release|Any CPU
		{D5112AD8-712E-4B11-99C7-3392054209F5}.Release|Any CPU.Build.0 = Release|Any CPU
	EndGlobalSection
	GlobalSection(SolutionProperties) = preSolution
		HideSolutionNode = FALSE
	EndGlobalSection
	GlobalSection(NestedProjects) = preSolution
		{89AAD420-60BE-4928-85EC-33A1CD567EA7} = {186386FA-3389-419B-82A5-E67F81A0741C}
	EndGlobalSection
EndGlobal
